{
  "nodes": {
    "nixpkgs": {
      "locked": {
        "lastModified": 1610666281,
        "narHash": "sha256-tUvpiAqEWxwgUkpQpRuSa814tblScsY+gCvfy5oR0Ts=",
        "owner": "NixOS",
        "repo": "nixpkgs",
        "rev": "352481146d87aa2d277ea696657aa7db5378b90f",
        "type": "github"
      },
      "original": {
        "id": "nixpkgs",
        "ref": "nixos-20.09",
        "type": "indirect"
      }
    },
    "root": {
      "inputs": {
        "nixpkgs": "nixpkgs",
        "utils": "utils"
      }
    },
    "utils": {
      "locked": {
        "lastModified": 1610051610,
        "narHash": "sha256-U9rPz/usA1/Aohhk7Cmc2gBrEEKRzcW4nwPWMPwja4Y=",
        "owner": "numtide",
        "repo": "flake-utils",
        "rev": "3982c9903e93927c2164caa727cd3f6a0e6d14cc",
        "type": "github"
      },
      "original": {
        "owner": "numtide",
        "repo": "flake-utils",
        "type": "github"
      }
    }
  },
  "root": "root",
  "version": 7
}
